
Microsoft Visual Studio Solution File, Format Version 12.00
# Visual Studio 14
VisualStudioVersion = 14.0.25420.1
MinimumVisualStudioVersion = 10.0.40219.1
Project("{FAE04EC0-301F-11D3-BF4B-00C04F79EFBC}") = "FomeLine.Droid", "FomeLine\FomeLine.Droid\FomeLine.Droid.csproj", "{0B66BCD8-3E26-4DC2-A0DF-C0791188F6BA}"
EndProject
Project("{FAE04EC0-301F-11D3-BF4B-00C04F79EFBC}") = "FomeLine.iOS", "FomeLine\FomeLine.iOS\FomeLine.iOS.csproj", "{60ADDC07-2CF9-43DE-AE69-B4BFAD500672}"
EndProject
Project("{FAE04EC0-301F-11D3-BF4B-00C04F79EFBC}") = "FomeLine.WinPhone", "FomeLine\FomeLine.WinPhone\FomeLine.WinPhone.csproj", "{27A19884-A780-48B8-8AA0-4A963290B0A4}"
EndProject
Project("{FAE04EC0-301F-11D3-BF4B-00C04F79EFBC}") = "FomeLine.Windows", "FomeLine\FomeLine.Windows\FomeLine.Windows.csproj", "{AD53B7F1-4D91-48AD-9EC5-FE81D1D223AD}"
EndProject
Project("{FAE04EC0-301F-11D3-BF4B-00C04F79EFBC}") = "FomeLine", "FomeLine\FomeLine\FomeLine.csproj", "{884568A1-CFF2-4CB4-817B-F8FABB0154BE}"
EndProject
Global
	GlobalSection(SolutionConfigurationPlatforms) = preSolution
		Ad-Hoc|Any CPU = Ad-Hoc|Any CPU
		Ad-Hoc|ARM = Ad-Hoc|ARM
		Ad-Hoc|iPhone = Ad-Hoc|iPhone
		Ad-Hoc|iPhoneSimulator = Ad-Hoc|iPhoneSimulator
		Ad-Hoc|x64 = Ad-Hoc|x64
		Ad-Hoc|x86 = Ad-Hoc|x86
		AppStore|Any CPU = AppStore|Any CPU
		AppStore|ARM = AppStore|ARM
		AppStore|iPhone = AppStore|iPhone
		AppStore|iPhoneSimulator = AppStore|iPhoneSimulator
		AppStore|x64 = AppStore|x64
		AppStore|x86 = AppStore|x86
		Debug|Any CPU = Debug|Any CPU
		Debug|ARM = Debug|ARM
		Debug|iPhone = Debug|iPhone
		Debug|iPhoneSimulator = Debug|iPhoneSimulator
		Debug|x64 = Debug|x64
		Debug|x86 = Debug|x86
		Release|Any CPU = Release|Any CPU
		Release|ARM = Release|ARM
		Release|iPhone = Release|iPhone
		Release|iPhoneSimulator = Release|iPhoneSimulator
		Release|x64 = Release|x64
		Release|x86 = Release|x86
	EndGlobalSection
	GlobalSection(ProjectConfigurationPlatforms) = postSolution
		{0B66BCD8-3E26-4DC2-A0DF-C0791188F6BA}.Ad-Hoc|Any CPU.ActiveCfg = Release|Any CPU
		{0B66BCD8-3E26-4DC2-A0DF-C0791188F6BA}.Ad-Hoc|Any CPU.Build.0 = Release|Any CPU
		{0B66BCD8-3E26-4DC2-A0DF-C0791188F6BA}.Ad-Hoc|Any CPU.Deploy.0 = Release|Any CPU
		{0B66BCD8-3E26-4DC2-A0DF-C0791188F6BA}.Ad-Hoc|ARM.ActiveCfg = Release|Any CPU
		{0B66BCD8-3E26-4DC2-A0DF-C0791188F6BA}.Ad-Hoc|ARM.Build.0 = Release|Any CPU
		{0B66BCD8-3E26-4DC2-A0DF-C0791188F6BA}.Ad-Hoc|ARM.Deploy.0 = Release|Any CPU
		{0B66BCD8-3E26-4DC2-A0DF-C0791188F6BA}.Ad-Hoc|iPhone.ActiveCfg = Release|Any CPU
		{0B66BCD8-3E26-4DC2-A0DF-C0791188F6BA}.Ad-Hoc|iPhone.Build.0 = Release|Any CPU
		{0B66BCD8-3E26-4DC2-A0DF-C0791188F6BA}.Ad-Hoc|iPhone.Deploy.0 = Release|Any CPU
		{0B66BCD8-3E26-4DC2-A0DF-C0791188F6BA}.Ad-Hoc|iPhoneSimulator.ActiveCfg = Release|Any CPU
		{0B66BCD8-3E26-4DC2-A0DF-C0791188F6BA}.Ad-Hoc|iPhoneSimulator.Build.0 = Release|Any CPU
		{0B66BCD8-3E26-4DC2-A0DF-C0791188F6BA}.Ad-Hoc|iPhoneSimulator.Deploy.0 = Release|Any CPU
		{0B66BCD8-3E26-4DC2-A0DF-C0791188F6BA}.Ad-Hoc|x64.ActiveCfg = Release|Any CPU
		{0B66BCD8-3E26-4DC2-A0DF-C0791188F6BA}.Ad-Hoc|x64.Build.0 = Release|Any CPU
		{0B66BCD8-3E26-4DC2-A0DF-C0791188F6BA}.Ad-Hoc|x64.Deploy.0 = Release|Any CPU
		{0B66BCD8-3E26-4DC2-A0DF-C0791188F6BA}.Ad-Hoc|x86.ActiveCfg = Release|Any CPU
		{0B66BCD8-3E26-4DC2-A0DF-C0791188F6BA}.Ad-Hoc|x86.Build.0 = Release|Any CPU
		{0B66BCD8-3E26-4DC2-A0DF-C0791188F6BA}.Ad-Hoc|x86.Deploy.0 = Release|Any CPU
		{0B66BCD8-3E26-4DC2-A0DF-C0791188F6BA}.AppStore|Any CPU.ActiveCfg = Release|Any CPU
		{0B66BCD8-3E26-4DC2-A0DF-C0791188F6BA}.AppStore|Any CPU.Build.0 = Release|Any CPU
		{0B66BCD8-3E26-4DC2-A0DF-C0791188F6BA}.AppStore|Any CPU.Deploy.0 = Release|Any CPU
		{0B66BCD8-3E26-4DC2-A0DF-C0791188F6BA}.AppStore|ARM.ActiveCfg = Release|Any CPU
		{0B66BCD8-3E26-4DC2-A0DF-C0791188F6BA}.AppStore|ARM.Build.0 = Release|Any CPU
		{0B66BCD8-3E26-4DC2-A0DF-C0791188F6BA}.AppStore|ARM.Deploy.0 = Release|Any CPU
		{0B66BCD8-3E26-4DC2-A0DF-C0791188F6BA}.AppStore|iPhone.ActiveCfg = Release|Any CPU
		{0B66BCD8-3E26-4DC2-A0DF-C0791188F6BA}.AppStore|iPhone.Build.0 = Release|Any CPU
		{0B66BCD8-3E26-4DC2-A0DF-C0791188F6BA}.AppStore|iPhone.Deploy.0 = Release|Any CPU
		{0B66BCD8-3E26-4DC2-A0DF-C0791188F6BA}.AppStore|iPhoneSimulator.ActiveCfg = Release|Any CPU
		{0B66BCD8-3E26-4DC2-A0DF-C0791188F6BA}.AppStore|iPhoneSimulator.Build.0 = Release|Any CPU
		{0B66BCD8-3E26-4DC2-A0DF-C0791188F6BA}.AppStore|iPhoneSimulator.Deploy.0 = Release|Any CPU
		{0B66BCD8-3E26-4DC2-A0DF-C0791188F6BA}.AppStore|x64.ActiveCfg = Release|Any CPU
		{0B66BCD8-3E26-4DC2-A0DF-C0791188F6BA}.AppStore|x64.Build.0 = Release|Any CPU
		{0B66BCD8-3E26-4DC2-A0DF-C0791188F6BA}.AppStore|x64.Deploy.0 = Release|Any CPU
		{0B66BCD8-3E26-4DC2-A0DF-C0791188F6BA}.AppStore|x86.ActiveCfg = Release|Any CPU
		{0B66BCD8-3E26-4DC2-A0DF-C0791188F6BA}.AppStore|x86.Build.0 = Release|Any CPU
		{0B66BCD8-3E26-4DC2-A0DF-C0791188F6BA}.AppStore|x86.Deploy.0 = Release|Any CPU
		{0B66BCD8-3E26-4DC2-A0DF-C0791188F6BA}.Debug|Any CPU.ActiveCfg = Debug|Any CPU
		{0B66BCD8-3E26-4DC2-A0DF-C0791188F6BA}.Debug|Any CPU.Build.0 = Debug|Any CPU
		{0B66BCD8-3E26-4DC2-A0DF-C0791188F6BA}.Debug|Any CPU.Deploy.0 = Debug|Any CPU
		{0B66BCD8-3E26-4DC2-A0DF-C0791188F6BA}.Debug|ARM.ActiveCfg = Debug|Any CPU
		{0B66BCD8-3E26-4DC2-A0DF-C0791188F6BA}.Debug|ARM.Build.0 = Debug|Any CPU
		{0B66BCD8-3E26-4DC2-A0DF-C0791188F6BA}.Debug|ARM.Deploy.0 = Debug|Any CPU
		{0B66BCD8-3E26-4DC2-A0DF-C0791188F6BA}.Debug|iPhone.ActiveCfg = Debug|Any CPU
		{0B66BCD8-3E26-4DC2-A0DF-C0791188F6BA}.Debug|iPhone.Build.0 = Debug|Any CPU
		{0B66BCD8-3E26-4DC2-A0DF-C0791188F6BA}.Debug|iPhone.Deploy.0 = Debug|Any CPU
		{0B66BCD8-3E26-4DC2-A0DF-C0791188F6BA}.Debug|iPhoneSimulator.ActiveCfg = Debug|Any CPU
		{0B66BCD8-3E26-4DC2-A0DF-C0791188F6BA}.Debug|iPhoneSimulator.Build.0 = Debug|Any CPU
		{0B66BCD8-3E26-4DC2-A0DF-C0791188F6BA}.Debug|iPhoneSimulator.Deploy.0 = Debug|Any CPU
		{0B66BCD8-3E26-4DC2-A0DF-C0791188F6BA}.Debug|x64.ActiveCfg = Debug|Any CPU
		{0B66BCD8-3E26-4DC2-A0DF-C0791188F6BA}.Debug|x64.Build.0 = Debug|Any CPU
		{0B66BCD8-3E26-4DC2-A0DF-C0791188F6BA}.Debug|x64.Deploy.0 = Debug|Any CPU
		{0B66BCD8-3E26-4DC2-A0DF-C0791188F6BA}.Debug|x86.ActiveCfg = Debug|Any CPU
		{0B66BCD8-3E26-4DC2-A0DF-C0791188F6BA}.Debug|x86.Build.0 = Debug|Any CPU
		{0B66BCD8-3E26-4DC2-A0DF-C0791188F6BA}.Debug|x86.Deploy.0 = Debug|Any CPU
		{0B66BCD8-3E26-4DC2-A0DF-C0791188F6BA}.Release|Any CPU.ActiveCfg = Release|Any CPU
		{0B66BCD8-3E26-4DC2-A0DF-C0791188F6BA}.Release|Any CPU.Build.0 = Release|Any CPU
		{0B66BCD8-3E26-4DC2-A0DF-C0791188F6BA}.Release|Any CPU.Deploy.0 = Release|Any CPU
		{0B66BCD8-3E26-4DC2-A0DF-C0791188F6BA}.Release|ARM.ActiveCfg = Release|Any CPU
		{0B66BCD8-3E26-4DC2-A0DF-C0791188F6BA}.Release|ARM.Build.0 = Release|Any CPU
		{0B66BCD8-3E26-4DC2-A0DF-C0791188F6BA}.Release|ARM.Deploy.0 = Release|Any CPU
		{0B66BCD8-3E26-4DC2-A0DF-C0791188F6BA}.Release|iPhone.ActiveCfg = Release|Any CPU
		{0B66BCD8-3E26-4DC2-A0DF-C0791188F6BA}.Release|iPhone.Build.0 = Release|Any CPU
		{0B66BCD8-3E26-4DC2-A0DF-C0791188F6BA}.Release|iPhone.Deploy.0 = Release|Any CPU
		{0B66BCD8-3E26-4DC2-A0DF-C0791188F6BA}.Release|iPhoneSimulator.ActiveCfg = Release|Any CPU
		{0B66BCD8-3E26-4DC2-A0DF-C0791188F6BA}.Release|iPhoneSimulator.Build.0 = Release|Any CPU
		{0B66BCD8-3E26-4DC2-A0DF-C0791188F6BA}.Release|iPhoneSimulator.Deploy.0 = Release|Any CPU
		{0B66BCD8-3E26-4DC2-A0DF-C0791188F6BA}.Release|x64.ActiveCfg = Release|Any CPU
		{0B66BCD8-3E26-4DC2-A0DF-C0791188F6BA}.Release|x64.Build.0 = Release|Any CPU
		{0B66BCD8-3E26-4DC2-A0DF-C0791188F6BA}.Release|x64.Deploy.0 = Release|Any CPU
		{0B66BCD8-3E26-4DC2-A0DF-C0791188F6BA}.Release|x86.ActiveCfg = Release|Any CPU
		{0B66BCD8-3E26-4DC2-A0DF-C0791188F6BA}.Release|x86.Build.0 = Release|Any CPU
		{0B66BCD8-3E26-4DC2-A0DF-C0791188F6BA}.Release|x86.Deploy.0 = Release|Any CPU
		{60ADDC07-2CF9-43DE-AE69-B4BFAD500672}.Ad-Hoc|Any CPU.ActiveCfg = Ad-Hoc|iPhone
		{60ADDC07-2CF9-43DE-AE69-B4BFAD500672}.Ad-Hoc|ARM.ActiveCfg = Ad-Hoc|iPhone
		{60ADDC07-2CF9-43DE-AE69-B4BFAD500672}.Ad-Hoc|iPhone.ActiveCfg = Ad-Hoc|iPhone
		{60ADDC07-2CF9-43DE-AE69-B4BFAD500672}.Ad-Hoc|iPhone.Build.0 = Ad-Hoc|iPhone
		{60ADDC07-2CF9-43DE-AE69-B4BFAD500672}.Ad-Hoc|iPhoneSimulator.ActiveCfg = Ad-Hoc|iPhoneSimulator
		{60ADDC07-2CF9-43DE-AE69-B4BFAD500672}.Ad-Hoc|iPhoneSimulator.Build.0 = Ad-Hoc|iPhoneSimulator
		{60ADDC07-2CF9-43DE-AE69-B4BFAD500672}.Ad-Hoc|x64.ActiveCfg = Ad-Hoc|iPhone
		{60ADDC07-2CF9-43DE-AE69-B4BFAD500672}.Ad-Hoc|x86.ActiveCfg = Ad-Hoc|iPhone
		{60ADDC07-2CF9-43DE-AE69-B4BFAD500672}.AppStore|Any CPU.ActiveCfg = AppStore|iPhone
		{60ADDC07-2CF9-43DE-AE69-B4BFAD500672}.AppStore|ARM.ActiveCfg = AppStore|iPhone
		{60ADDC07-2CF9-43DE-AE69-B4BFAD500672}.AppStore|iPhone.ActiveCfg = AppStore|iPhone
		{60ADDC07-2CF9-43DE-AE69-B4BFAD500672}.AppStore|iPhone.Build.0 = AppStore|iPhone
		{60ADDC07-2CF9-43DE-AE69-B4BFAD500672}.AppStore|iPhoneSimulator.ActiveCfg = AppStore|iPhoneSimulator
		{60ADDC07-2CF9-43DE-AE69-B4BFAD500672}.AppStore|iPhoneSimulator.Build.0 = AppStore|iPhoneSimulator
		{60ADDC07-2CF9-43DE-AE69-B4BFAD500672}.AppStore|x64.ActiveCfg = AppStore|iPhone
		{60ADDC07-2CF9-43DE-AE69-B4BFAD500672}.AppStore|x86.ActiveCfg = AppStore|iPhone
		{60ADDC07-2CF9-43DE-AE69-B4BFAD500672}.Debug|Any CPU.ActiveCfg = Debug|iPhone
		{60ADDC07-2CF9-43DE-AE69-B4BFAD500672}.Debug|ARM.ActiveCfg = Debug|iPhone
		{60ADDC07-2CF9-43DE-AE69-B4BFAD500672}.Debug|iPhone.ActiveCfg = Debug|iPhone
		{60ADDC07-2CF9-43DE-AE69-B4BFAD500672}.Debug|iPhone.Build.0 = Debug|iPhone
		{60ADDC07-2CF9-43DE-AE69-B4BFAD500672}.Debug|iPhoneSimulator.ActiveCfg = Debug|iPhoneSimulator
		{60ADDC07-2CF9-43DE-AE69-B4BFAD500672}.Debug|iPhoneSimulator.Build.0 = Debug|iPhoneSimulator
		{60ADDC07-2CF9-43DE-AE69-B4BFAD500672}.Debug|x64.ActiveCfg = Debug|iPhone
		{60ADDC07-2CF9-43DE-AE69-B4BFAD500672}.Debug|x86.ActiveCfg = Debug|iPhone
		{60ADDC07-2CF9-43DE-AE69-B4BFAD500672}.Release|Any CPU.ActiveCfg = Release|iPhone
		{60ADDC07-2CF9-43DE-AE69-B4BFAD500672}.Release|ARM.ActiveCfg = Release|iPhone
		{60ADDC07-2CF9-43DE-AE69-B4BFAD500672}.Release|iPhone.ActiveCfg = Release|iPhone
		{60ADDC07-2CF9-43DE-AE69-B4BFAD500672}.Release|iPhone.Build.0 = Release|iPhone
		{60ADDC07-2CF9-43DE-AE69-B4BFAD500672}.Release|iPhoneSimulator.ActiveCfg = Release|iPhoneSimulator
		{60ADDC07-2CF9-43DE-AE69-B4BFAD500672}.Release|iPhoneSimulator.Build.0 = Release|iPhoneSimulator
		{60ADDC07-2CF9-43DE-AE69-B4BFAD500672}.Release|x64.ActiveCfg = Release|iPhone
		{60ADDC07-2CF9-43DE-AE69-B4BFAD500672}.Release|x86.ActiveCfg = Release|iPhone
		{27A19884-A780-48B8-8AA0-4A963290B0A4}.Ad-Hoc|Any CPU.ActiveCfg = Release|Any CPU
		{27A19884-A780-48B8-8AA0-4A963290B0A4}.Ad-Hoc|Any CPU.Build.0 = Release|Any CPU
		{27A19884-A780-48B8-8AA0-4A963290B0A4}.Ad-Hoc|Any CPU.Deploy.0 = Release|Any CPU
		{27A19884-A780-48B8-8AA0-4A963290B0A4}.Ad-Hoc|ARM.ActiveCfg = Release|ARM
		{27A19884-A780-48B8-8AA0-4A963290B0A4}.Ad-Hoc|ARM.Build.0 = Release|ARM
		{27A19884-A780-48B8-8AA0-4A963290B0A4}.Ad-Hoc|ARM.Deploy.0 = Release|ARM
		{27A19884-A780-48B8-8AA0-4A963290B0A4}.Ad-Hoc|iPhone.ActiveCfg = Release|Any CPU
		{27A19884-A780-48B8-8AA0-4A963290B0A4}.Ad-Hoc|iPhone.Build.0 = Release|Any CPU
		{27A19884-A780-48B8-8AA0-4A963290B0A4}.Ad-Hoc|iPhone.Deploy.0 = Release|Any CPU
		{27A19884-A780-48B8-8AA0-4A963290B0A4}.Ad-Hoc|iPhoneSimulator.ActiveCfg = Release|Any CPU
		{27A19884-A780-48B8-8AA0-4A963290B0A4}.Ad-Hoc|iPhoneSimulator.Build.0 = Release|Any CPU
		{27A19884-A780-48B8-8AA0-4A963290B0A4}.Ad-Hoc|iPhoneSimulator.Deploy.0 = Release|Any CPU
		{27A19884-A780-48B8-8AA0-4A963290B0A4}.Ad-Hoc|x64.ActiveCfg = Release|Any CPU
		{27A19884-A780-48B8-8AA0-4A963290B0A4}.Ad-Hoc|x64.Build.0 = Release|Any CPU
		{27A19884-A780-48B8-8AA0-4A963290B0A4}.Ad-Hoc|x64.Deploy.0 = Release|Any CPU
		{27A19884-A780-48B8-8AA0-4A963290B0A4}.Ad-Hoc|x86.ActiveCfg = Release|x86
		{27A19884-A780-48B8-8AA0-4A963290B0A4}.Ad-Hoc|x86.Build.0 = Release|x86
		{27A19884-A780-48B8-8AA0-4A963290B0A4}.Ad-Hoc|x86.Deploy.0 = Release|x86
		{27A19884-A780-48B8-8AA0-4A963290B0A4}.AppStore|Any CPU.ActiveCfg = Release|Any CPU
		{27A19884-A780-48B8-8AA0-4A963290B0A4}.AppStore|Any CPU.Build.0 = Release|Any CPU
		{27A19884-A780-48B8-8AA0-4A963290B0A4}.AppStore|Any CPU.Deploy.0 = Release|Any CPU
		{27A19884-A780-48B8-8AA0-4A963290B0A4}.AppStore|ARM.ActiveCfg = Release|ARM
		{27A19884-A780-48B8-8AA0-4A963290B0A4}.AppStore|ARM.Build.0 = Release|ARM
		{27A19884-A780-48B8-8AA0-4A963290B0A4}.AppStore|ARM.Deploy.0 = Release|ARM
		{27A19884-A780-48B8-8AA0-4A963290B0A4}.AppStore|iPhone.ActiveCfg = Release|Any CPU
		{27A19884-A780-48B8-8AA0-4A963290B0A4}.AppStore|iPhone.Build.0 = Release|Any CPU
		{27A19884-A780-48B8-8AA0-4A963290B0A4}.AppStore|iPhone.Deploy.0 = Release|Any CPU
		{27A19884-A780-48B8-8AA0-4A963290B0A4}.AppStore|iPhoneSimulator.ActiveCfg = Release|Any CPU
		{27A19884-A780-48B8-8AA0-4A963290B0A4}.AppStore|iPhoneSimulator.Build.0 = Release|Any CPU
		{27A19884-A780-48B8-8AA0-4A963290B0A4}.AppStore|iPhoneSimulator.Deploy.0 = Release|Any CPU
		{27A19884-A780-48B8-8AA0-4A963290B0A4}.AppStore|x64.ActiveCfg = Release|Any CPU
		{27A19884-A780-48B8-8AA0-4A963290B0A4}.AppStore|x64.Build.0 = Release|Any CPU
		{27A19884-A780-48B8-8AA0-4A963290B0A4}.AppStore|x64.Deploy.0 = Release|Any CPU
		{27A19884-A780-48B8-8AA0-4A963290B0A4}.AppStore|x86.ActiveCfg = Release|x86
		{27A19884-A780-48B8-8AA0-4A963290B0A4}.AppStore|x86.Build.0 = Release|x86
		{27A19884-A780-48B8-8AA0-4A963290B0A4}.AppStore|x86.Deploy.0 = Release|x86
		{27A19884-A780-48B8-8AA0-4A963290B0A4}.Debug|Any CPU.ActiveCfg = Debug|Any CPU
		{27A19884-A780-48B8-8AA0-4A963290B0A4}.Debug|Any CPU.Build.0 = Debug|Any CPU
		{27A19884-A780-48B8-8AA0-4A963290B0A4}.Debug|Any CPU.Deploy.0 = Debug|Any CPU
		{27A19884-A780-48B8-8AA0-4A963290B0A4}.Debug|ARM.ActiveCfg = Debug|ARM
		{27A19884-A780-48B8-8AA0-4A963290B0A4}.Debug|ARM.Build.0 = Debug|ARM
		{27A19884-A780-48B8-8AA0-4A963290B0A4}.Debug|ARM.Deploy.0 = Debug|ARM
		{27A19884-A780-48B8-8AA0-4A963290B0A4}.Debug|iPhone.ActiveCfg = Debug|Any CPU
		{27A19884-A780-48B8-8AA0-4A963290B0A4}.Debug|iPhone.Build.0 = Debug|Any CPU
		{27A19884-A780-48B8-8AA0-4A963290B0A4}.Debug|iPhone.Deploy.0 = Debug|Any CPU
		{27A19884-A780-48B8-8AA0-4A963290B0A4}.Debug|iPhoneSimulator.ActiveCfg = Debug|Any CPU
		{27A19884-A780-48B8-8AA0-4A963290B0A4}.Debug|iPhoneSimulator.Build.0 = Debug|Any CPU
		{27A19884-A780-48B8-8AA0-4A963290B0A4}.Debug|iPhoneSimulator.Deploy.0 = Debug|Any CPU
		{27A19884-A780-48B8-8AA0-4A963290B0A4}.Debug|x64.ActiveCfg = Debug|Any CPU
		{27A19884-A780-48B8-8AA0-4A963290B0A4}.Debug|x64.Build.0 = Debug|Any CPU
		{27A19884-A780-48B8-8AA0-4A963290B0A4}.Debug|x64.Deploy.0 = Debug|Any CPU
		{27A19884-A780-48B8-8AA0-4A963290B0A4}.Debug|x86.ActiveCfg = Debug|x86
		{27A19884-A780-48B8-8AA0-4A963290B0A4}.Debug|x86.Build.0 = Debug|x86
		{27A19884-A780-48B8-8AA0-4A963290B0A4}.Debug|x86.Deploy.0 = Debug|x86
		{27A19884-A780-48B8-8AA0-4A963290B0A4}.Release|Any CPU.ActiveCfg = Release|Any CPU
		{27A19884-A780-48B8-8AA0-4A963290B0A4}.Release|Any CPU.Build.0 = Release|Any CPU
		{27A19884-A780-48B8-8AA0-4A963290B0A4}.Release|Any CPU.Deploy.0 = Release|Any CPU
		{27A19884-A780-48B8-8AA0-4A963290B0A4}.Release|ARM.ActiveCfg = Release|ARM
		{27A19884-A780-48B8-8AA0-4A963290B0A4}.Release|ARM.Build.0 = Release|ARM
		{27A19884-A780-48B8-8AA0-4A963290B0A4}.Release|ARM.Deploy.0 = Release|ARM
		{27A19884-A780-48B8-8AA0-4A963290B0A4}.Release|iPhone.ActiveCfg = Release|Any CPU
		{27A19884-A780-48B8-8AA0-4A963290B0A4}.Release|iPhone.Build.0 = Release|Any CPU
		{27A19884-A780-48B8-8AA0-4A963290B0A4}.Release|iPhone.Deploy.0 = Release|Any CPU
		{27A19884-A780-48B8-8AA0-4A963290B0A4}.Release|iPhoneSimulator.ActiveCfg = Release|Any CPU
		{27A19884-A780-48B8-8AA0-4A963290B0A4}.Release|iPhoneSimulator.Build.0 = Release|Any CPU
		{27A19884-A780-48B8-8AA0-4A963290B0A4}.Release|iPhoneSimulator.Deploy.0 = Release|Any CPU
		{27A19884-A780-48B8-8AA0-4A963290B0A4}.Release|x64.ActiveCfg = Release|Any CPU
		{27A19884-A780-48B8-8AA0-4A963290B0A4}.Release|x64.Build.0 = Release|Any CPU
		{27A19884-A780-48B8-8AA0-4A963290B0A4}.Release|x64.Deploy.0 = Release|Any CPU
		{27A19884-A780-48B8-8AA0-4A963290B0A4}.Release|x86.ActiveCfg = Release|x86
		{27A19884-A780-48B8-8AA0-4A963290B0A4}.Release|x86.Build.0 = Release|x86
		{27A19884-A780-48B8-8AA0-4A963290B0A4}.Release|x86.Deploy.0 = Release|x86
		{AD53B7F1-4D91-48AD-9EC5-FE81D1D223AD}.Ad-Hoc|Any CPU.ActiveCfg = Release|Any CPU
		{AD53B7F1-4D91-48AD-9EC5-FE81D1D223AD}.Ad-Hoc|Any CPU.Build.0 = Release|Any CPU
		{AD53B7F1-4D91-48AD-9EC5-FE81D1D223AD}.Ad-Hoc|Any CPU.Deploy.0 = Release|Any CPU
		{AD53B7F1-4D91-48AD-9EC5-FE81D1D223AD}.Ad-Hoc|ARM.ActiveCfg = Release|ARM
		{AD53B7F1-4D91-48AD-9EC5-FE81D1D223AD}.Ad-Hoc|ARM.Build.0 = Release|ARM
		{AD53B7F1-4D91-48AD-9EC5-FE81D1D223AD}.Ad-Hoc|ARM.Deploy.0 = Release|ARM
		{AD53B7F1-4D91-48AD-9EC5-FE81D1D223AD}.Ad-Hoc|iPhone.ActiveCfg = Release|Any CPU
		{AD53B7F1-4D91-48AD-9EC5-FE81D1D223AD}.Ad-Hoc|iPhone.Build.0 = Release|Any CPU
		{AD53B7F1-4D91-48AD-9EC5-FE81D1D223AD}.Ad-Hoc|iPhone.Deploy.0 = Release|Any CPU
		{AD53B7F1-4D91-48AD-9EC5-FE81D1D223AD}.Ad-Hoc|iPhoneSimulator.ActiveCfg = Release|Any CPU
		{AD53B7F1-4D91-48AD-9EC5-FE81D1D223AD}.Ad-Hoc|iPhoneSimulator.Build.0 = Release|Any CPU
		{AD53B7F1-4D91-48AD-9EC5-FE81D1D223AD}.Ad-Hoc|iPhoneSimulator.Deploy.0 = Release|Any CPU
		{AD53B7F1-4D91-48AD-9EC5-FE81D1D223AD}.Ad-Hoc|x64.ActiveCfg = Release|x64
		{AD53B7F1-4D91-48AD-9EC5-FE81D1D223AD}.Ad-Hoc|x64.Build.0 = Release|x64
		{AD53B7F1-4D91-48AD-9EC5-FE81D1D223AD}.Ad-Hoc|x64.Deploy.0 = Release|x64
		{AD53B7F1-4D91-48AD-9EC5-FE81D1D223AD}.Ad-Hoc|x86.ActiveCfg = Release|x86
		{AD53B7F1-4D91-48AD-9EC5-FE81D1D223AD}.Ad-Hoc|x86.Build.0 = Release|x86
		{AD53B7F1-4D91-48AD-9EC5-FE81D1D223AD}.Ad-Hoc|x86.Deploy.0 = Release|x86
		{AD53B7F1-4D91-48AD-9EC5-FE81D1D223AD}.AppStore|Any CPU.ActiveCfg = Release|Any CPU
		{AD53B7F1-4D91-48AD-9EC5-FE81D1D223AD}.AppStore|Any CPU.Build.0 = Release|Any CPU
		{AD53B7F1-4D91-48AD-9EC5-FE81D1D223AD}.AppStore|Any CPU.Deploy.0 = Release|Any CPU
		{AD53B7F1-4D91-48AD-9EC5-FE81D1D223AD}.AppStore|ARM.ActiveCfg = Release|ARM
		{AD53B7F1-4D91-48AD-9EC5-FE81D1D223AD}.AppStore|ARM.Build.0 = Release|ARM
		{AD53B7F1-4D91-48AD-9EC5-FE81D1D223AD}.AppStore|ARM.Deploy.0 = Release|ARM
		{AD53B7F1-4D91-48AD-9EC5-FE81D1D223AD}.AppStore|iPhone.ActiveCfg = Release|Any CPU
		{AD53B7F1-4D91-48AD-9EC5-FE81D1D223AD}.AppStore|iPhone.Build.0 = Release|Any CPU
		{AD53B7F1-4D91-48AD-9EC5-FE81D1D223AD}.AppStore|iPhone.Deploy.0 = Release|Any CPU
		{AD53B7F1-4D91-48AD-9EC5-FE81D1D223AD}.AppStore|iPhoneSimulator.ActiveCfg = Release|Any CPU
		{AD53B7F1-4D91-48AD-9EC5-FE81D1D223AD}.AppStore|iPhoneSimulator.Build.0 = Release|Any CPU
		{AD53B7F1-4D91-48AD-9EC5-FE81D1D223AD}.AppStore|iPhoneSimulator.Deploy.0 = Release|Any CPU
		{AD53B7F1-4D91-48AD-9EC5-FE81D1D223AD}.AppStore|x64.ActiveCfg = Release|x64
		{AD53B7F1-4D91-48AD-9EC5-FE81D1D223AD}.AppStore|x64.Build.0 = Release|x64
		{AD53B7F1-4D91-48AD-9EC5-FE81D1D223AD}.AppStore|x64.Deploy.0 = Release|x64
		{AD53B7F1-4D91-48AD-9EC5-FE81D1D223AD}.AppStore|x86.ActiveCfg = Release|x86
		{AD53B7F1-4D91-48AD-9EC5-FE81D1D223AD}.AppStore|x86.Build.0 = Release|x86
		{AD53B7F1-4D91-48AD-9EC5-FE81D1D223AD}.AppStore|x86.Deploy.0 = Release|x86
		{AD53B7F1-4D91-48AD-9EC5-FE81D1D223AD}.Debug|Any CPU.ActiveCfg = Debug|Any CPU
		{AD53B7F1-4D91-48AD-9EC5-FE81D1D223AD}.Debug|Any CPU.Build.0 = Debug|Any CPU
		{AD53B7F1-4D91-48AD-9EC5-FE81D1D223AD}.Debug|Any CPU.Deploy.0 = Debug|Any CPU
		{AD53B7F1-4D91-48AD-9EC5-FE81D1D223AD}.Debug|ARM.ActiveCfg = Debug|ARM
		{AD53B7F1-4D91-48AD-9EC5-FE81D1D223AD}.Debug|ARM.Build.0 = Debug|ARM
		{AD53B7F1-4D91-48AD-9EC5-FE81D1D223AD}.Debug|ARM.Deploy.0 = Debug|ARM
		{AD53B7F1-4D91-48AD-9EC5-FE81D1D223AD}.Debug|iPhone.ActiveCfg = Debug|Any CPU
		{AD53B7F1-4D91-48AD-9EC5-FE81D1D223AD}.Debug|iPhone.Build.0 = Debug|Any CPU
		{AD53B7F1-4D91-48AD-9EC5-FE81D1D223AD}.Debug|iPhone.Deploy.0 = Debug|Any CPU
		{AD53B7F1-4D91-48AD-9EC5-FE81D1D223AD}.Debug|iPhoneSimulator.ActiveCfg = Debug|Any CPU
		{AD53B7F1-4D91-48AD-9EC5-FE81D1D223AD}.Debug|iPhoneSimulator.Build.0 = Debug|Any CPU
		{AD53B7F1-4D91-48AD-9EC5-FE81D1D223AD}.Debug|iPhoneSimulator.Deploy.0 = Debug|Any CPU
		{AD53B7F1-4D91-48AD-9EC5-FE81D1D223AD}.Debug|x64.ActiveCfg = Debug|x64
		{AD53B7F1-4D91-48AD-9EC5-FE81D1D223AD}.Debug|x64.Build.0 = Debug|x64
		{AD53B7F1-4D91-48AD-9EC5-FE81D1D223AD}.Debug|x64.Deploy.0 = Debug|x64
		{AD53B7F1-4D91-48AD-9EC5-FE81D1D223AD}.Debug|x86.ActiveCfg = Debug|x86
		{AD53B7F1-4D91-48AD-9EC5-FE81D1D223AD}.Debug|x86.Build.0 = Debug|x86
		{AD53B7F1-4D91-48AD-9EC5-FE81D1D223AD}.Debug|x86.Deploy.0 = Debug|x86
		{AD53B7F1-4D91-48AD-9EC5-FE81D1D223AD}.Release|Any CPU.ActiveCfg = Release|Any CPU
		{AD53B7F1-4D91-48AD-9EC5-FE81D1D223AD}.Release|Any CPU.Build.0 = Release|Any CPU
		{AD53B7F1-4D91-48AD-9EC5-FE81D1D223AD}.Release|Any CPU.Deploy.0 = Release|Any CPU
		{AD53B7F1-4D91-48AD-9EC5-FE81D1D223AD}.Release|ARM.ActiveCfg = Release|ARM
		{AD53B7F1-4D91-48AD-9EC5-FE81D1D223AD}.Release|ARM.Build.0 = Release|ARM
		{AD53B7F1-4D91-48AD-9EC5-FE81D1D223AD}.Release|ARM.Deploy.0 = Release|ARM
		{AD53B7F1-4D91-48AD-9EC5-FE81D1D223AD}.Release|iPhone.ActiveCfg = Release|Any CPU
		{AD53B7F1-4D91-48AD-9EC5-FE81D1D223AD}.Release|iPhone.Build.0 = Release|Any CPU
		{AD53B7F1-4D91-48AD-9EC5-FE81D1D223AD}.Release|iPhone.Deploy.0 = Release|Any CPU
		{AD53B7F1-4D91-48AD-9EC5-FE81D1D223AD}.Release|iPhoneSimulator.ActiveCfg = Release|Any CPU
		{AD53B7F1-4D91-48AD-9EC5-FE81D1D223AD}.Release|iPhoneSimulator.Build.0 = Release|Any CPU
		{AD53B7F1-4D91-48AD-9EC5-FE81D1D223AD}.Release|iPhoneSimulator.Deploy.0 = Release|Any CPU
		{AD53B7F1-4D91-48AD-9EC5-FE81D1D223AD}.Release|x64.ActiveCfg = Release|x64
		{AD53B7F1-4D91-48AD-9EC5-FE81D1D223AD}.Release|x64.Build.0 = Release|x64
		{AD53B7F1-4D91-48AD-9EC5-FE81D1D223AD}.Release|x64.Deploy.0 = Release|x64
		{AD53B7F1-4D91-48AD-9EC5-FE81D1D223AD}.Release|x86.ActiveCfg = Release|x86
		{AD53B7F1-4D91-48AD-9EC5-FE81D1D223AD}.Release|x86.Build.0 = Release|x86
		{AD53B7F1-4D91-48AD-9EC5-FE81D1D223AD}.Release|x86.Deploy.0 = Release|x86
		{884568A1-CFF2-4CB4-817B-F8FABB0154BE}.Ad-Hoc|Any CPU.ActiveCfg = Release|Any CPU
		{884568A1-CFF2-4CB4-817B-F8FABB0154BE}.Ad-Hoc|Any CPU.Build.0 = Release|Any CPU
		{884568A1-CFF2-4CB4-817B-F8FABB0154BE}.Ad-Hoc|ARM.ActiveCfg = Release|Any CPU
		{884568A1-CFF2-4CB4-817B-F8FABB0154BE}.Ad-Hoc|ARM.Build.0 = Release|Any CPU
		{884568A1-CFF2-4CB4-817B-F8FABB0154BE}.Ad-Hoc|iPhone.ActiveCfg = Release|Any CPU
		{884568A1-CFF2-4CB4-817B-F8FABB0154BE}.Ad-Hoc|iPhone.Build.0 = Release|Any CPU
		{884568A1-CFF2-4CB4-817B-F8FABB0154BE}.Ad-Hoc|iPhoneSimulator.ActiveCfg = Release|Any CPU
		{884568A1-CFF2-4CB4-817B-F8FABB0154BE}.Ad-Hoc|iPhoneSimulator.Build.0 = Release|Any CPU
		{884568A1-CFF2-4CB4-817B-F8FABB0154BE}.Ad-Hoc|x64.ActiveCfg = Release|Any CPU
		{884568A1-CFF2-4CB4-817B-F8FABB0154BE}.Ad-Hoc|x64.Build.0 = Release|Any CPU
		{884568A1-CFF2-4CB4-817B-F8FABB0154BE}.Ad-Hoc|x86.ActiveCfg = Release|Any CPU
		{884568A1-CFF2-4CB4-817B-F8FABB0154BE}.Ad-Hoc|x86.Build.0 = Release|Any CPU
		{884568A1-CFF2-4CB4-817B-F8FABB0154BE}.AppStore|Any CPU.ActiveCfg = Release|Any CPU
		{884568A1-CFF2-4CB4-817B-F8FABB0154BE}.AppStore|Any CPU.Build.0 = Release|Any CPU
		{884568A1-CFF2-4CB4-817B-F8FABB0154BE}.AppStore|ARM.ActiveCfg = Release|Any CPU
		{884568A1-CFF2-4CB4-817B-F8FABB0154BE}.AppStore|ARM.Build.0 = Release|Any CPU
		{884568A1-CFF2-4CB4-817B-F8FABB0154BE}.AppStore|iPhone.ActiveCfg = Release|Any CPU
		{884568A1-CFF2-4CB4-817B-F8FABB0154BE}.AppStore|iPhone.Build.0 = Release|Any CPU
		{884568A1-CFF2-4CB4-817B-F8FABB0154BE}.AppStore|iPhoneSimulator.ActiveCfg = Release|Any CPU
		{884568A1-CFF2-4CB4-817B-F8FABB0154BE}.AppStore|iPhoneSimulator.Build.0 = Release|Any CPU
		{884568A1-CFF2-4CB4-817B-F8FABB0154BE}.AppStore|x64.ActiveCfg = Release|Any CPU
		{884568A1-CFF2-4CB4-817B-F8FABB0154BE}.AppStore|x64.Build.0 = Release|Any CPU
		{884568A1-CFF2-4CB4-817B-F8FABB0154BE}.AppStore|x86.ActiveCfg = Release|Any CPU
		{884568A1-CFF2-4CB4-817B-F8FABB0154BE}.AppStore|x86.Build.0 = Release|Any CPU
		{884568A1-CFF2-4CB4-817B-F8FABB0154BE}.Debug|Any CPU.ActiveCfg = Debug|Any CPU
		{884568A1-CFF2-4CB4-817B-F8FABB0154BE}.Debug|Any CPU.Build.0 = Debug|Any CPU
		{884568A1-CFF2-4CB4-817B-F8FABB0154BE}.Debug|ARM.ActiveCfg = Debug|Any CPU
		{884568A1-CFF2-4CB4-817B-F8FABB0154BE}.Debug|ARM.Build.0 = Debug|Any CPU
		{884568A1-CFF2-4CB4-817B-F8FABB0154BE}.Debug|iPhone.ActiveCfg = Debug|Any CPU
		{884568A1-CFF2-4CB4-817B-F8FABB0154BE}.Debug|iPhone.Build.0 = Debug|Any CPU
		{884568A1-CFF2-4CB4-817B-F8FABB0154BE}.Debug|iPhoneSimulator.ActiveCfg = Debug|Any CPU
		{884568A1-CFF2-4CB4-817B-F8FABB0154BE}.Debug|iPhoneSimulator.Build.0 = Debug|Any CPU
		{884568A1-CFF2-4CB4-817B-F8FABB0154BE}.Debug|x64.ActiveCfg = Debug|Any CPU
		{884568A1-CFF2-4CB4-817B-F8FABB0154BE}.Debug|x64.Build.0 = Debug|Any CPU
		{884568A1-CFF2-4CB4-817B-F8FABB0154BE}.Debug|x86.ActiveCfg = Debug|Any CPU
		{884568A1-CFF2-4CB4-817B-F8FABB0154BE}.Debug|x86.Build.0 = Debug|Any CPU
		{884568A1-CFF2-4CB4-817B-F8FABB0154BE}.Release|Any CPU.ActiveCfg = Release|Any CPU
		{884568A1-CFF2-4CB4-817B-F8FABB0154BE}.Release|Any CPU.Build.0 = Release|Any CPU
		{884568A1-CFF2-4CB4-817B-F8FABB0154BE}.Release|ARM.ActiveCfg = Release|Any CPU
		{884568A1-CFF2-4CB4-817B-F8FABB0154BE}.Release|ARM.Build.0 = Release|Any CPU
		{884568A1-CFF2-4CB4-817B-F8FABB0154BE}.Release|iPhone.ActiveCfg = Release|Any CPU
		{884568A1-CFF2-4CB4-817B-F8FABB0154BE}.Release|iPhone.Build.0 = Release|Any CPU
		{884568A1-CFF2-4CB4-817B-F8FABB0154BE}.Release|iPhoneSimulator.ActiveCfg = Release|Any CPU
		{884568A1-CFF2-4CB4-817B-F8FABB0154BE}.Release|iPhoneSimulator.Build.0 = Release|Any CPU
		{884568A1-CFF2-4CB4-817B-F8FABB0154BE}.Release|x64.ActiveCfg = Release|Any CPU
		{884568A1-CFF2-4CB4-817B-F8FABB0154BE}.Release|x64.Build.0 = Release|Any CPU
		{884568A1-CFF2-4CB4-817B-F8FABB0154BE}.Release|x86.ActiveCfg = Release|Any CPU
		{884568A1-CFF2-4CB4-817B-F8FABB0154BE}.Release|x86.Build.0 = Release|Any CPU
	EndGlobalSection
	GlobalSection(SolutionProperties) = preSolution
		HideSolutionNode = FALSE
	EndGlobalSection
EndGlobal
